
Microsoft Visual Studio Solution File, Format Version 12.00
# Visual Studio Version 17
VisualStudioVersion = 17.11.35312.102
MinimumVisualStudioVersion = 10.0.40219.1
Project("{FAE04EC0-301F-11D3-BF4B-00C04F79EFBC}") = "MainConsole", "MainConsole\MainConsole.csproj", "{A3813C6E-C9E7-438E-B782-3EC6CDC1CB1F}"
EndProject
Global
	GlobalSection(SolutionConfigurationPlatforms) = preSolution
		Debug|Any CPU = Debug|Any CPU
		Release|Any CPU = Release|Any CPU
	EndGlobalSection
	GlobalSection(ProjectConfigurationPlatforms) = postSolution
		{A3813C6E-C9E7-438E-B782-3EC6CDC1CB1F}.Debug|Any CPU.ActiveCfg = Debug|Any CPU
		{A3813C6E-C9E7-438E-B782-3EC6CDC1CB1F}.Debug|Any CPU.Build.0 = Debug|Any CPU
		{A3813C6E-C9E7-438E-B782-3EC6CDC1CB1F}.Release|Any CPU.ActiveCfg = Release|Any CPU
		{A3813C6E-C9E7-438E-B782-3EC6CDC1CB1F}.Release|Any CPU.Build.0 = Release|Any CPU
	EndGlobalSection
	GlobalSection(SolutionProperties) = preSolution
		HideSolutionNode = FALSE
	EndGlobalSection
	GlobalSection(ExtensibilityGlobals) = postSolution
		SolutionGuid = {2EE9FE76-306D-46FF-B756-BB85FF81429B}
	EndGlobalSection
EndGlobal
